
Microsoft Visual Studio Solution File, Format Version 12.00
# Visual Studio Version 17
VisualStudioVersion = 17.13.35828.75 d17.13
MinimumVisualStudioVersion = 10.0.40219.1
Project("{FAE04EC0-301F-11D3-BF4B-00C04F79EFBC}") = "UnsafeMode", "UnsafeMode\UnsafeMode.csproj", "{D81EBA86-2D8F-4D39-A5D0-15627D82F5DE}"
EndProject
Global
	GlobalSection(SolutionConfigurationPlatforms) = preSolution
		Debug|Any CPU = Debug|Any CPU
		Release|Any CPU = Release|Any CPU
	EndGlobalSection
	GlobalSection(ProjectConfigurationPlatforms) = postSolution
		{D81EBA86-2D8F-4D39-A5D0-15627D82F5DE}.Debug|Any CPU.ActiveCfg = Debug|Any CPU
		{D81EBA86-2D8F-4D39-A5D0-15627D82F5DE}.Debug|Any CPU.Build.0 = Debug|Any CPU
		{D81EBA86-2D8F-4D39-A5D0-15627D82F5DE}.Release|Any CPU.ActiveCfg = Release|Any CPU
		{D81EBA86-2D8F-4D39-A5D0-15627D82F5DE}.Release|Any CPU.Build.0 = Release|Any CPU
	EndGlobalSection
	GlobalSection(SolutionProperties) = preSolution
		HideSolutionNode = FALSE
	EndGlobalSection
	GlobalSection(ExtensibilityGlobals) = postSolution
		SolutionGuid = {43891CBC-6983-4862-8AFF-A4F526927F88}
	EndGlobalSection
EndGlobal
