
Microsoft Visual Studio Solution File, Format Version 12.00
# Visual Studio Version 17
VisualStudioVersion = 17.13.35825.156 d17.13
MinimumVisualStudioVersion = 10.0.40219.1
Project("{FAE04EC0-301F-11D3-BF4B-00C04F79EFBC}") = "Task6", "Task6\Task6.csproj", "{344E85F3-6D39-4406-AE80-65E6B61BB404}"
EndProject
Global
	GlobalSection(SolutionConfigurationPlatforms) = preSolution
		Debug|Any CPU = Debug|Any CPU
		Release|Any CPU = Release|Any CPU
	EndGlobalSection
	GlobalSection(ProjectConfigurationPlatforms) = postSolution
		{344E85F3-6D39-4406-AE80-65E6B61BB404}.Debug|Any CPU.ActiveCfg = Debug|Any CPU
		{344E85F3-6D39-4406-AE80-65E6B61BB404}.Debug|Any CPU.Build.0 = Debug|Any CPU
		{344E85F3-6D39-4406-AE80-65E6B61BB404}.Release|Any CPU.ActiveCfg = Release|Any CPU
		{344E85F3-6D39-4406-AE80-65E6B61BB404}.Release|Any CPU.Build.0 = Release|Any CPU
	EndGlobalSection
	GlobalSection(SolutionProperties) = preSolution
		HideSolutionNode = FALSE
	EndGlobalSection
	GlobalSection(ExtensibilityGlobals) = postSolution
		SolutionGuid = {EB1E83B5-B025-475A-AD24-9ECE315D2509}
	EndGlobalSection
EndGlobal
